
Microsoft Visual Studio Solution File, Format Version 12.00
# Visual Studio Version 17
VisualStudioVersion = 17.13.35818.85 d17.13
MinimumVisualStudioVersion = 10.0.40219.1
Project("{FAE04EC0-301F-11D3-BF4B-00C04F79EFBC}") = "u23784718-S1P01", "u23784718-S1P01.csproj", "{DA0ECEF6-E5E9-4203-AB9F-E2C94C7C0A2F}"
EndProject
Global
	GlobalSection(SolutionConfigurationPlatforms) = preSolution
		Debug|Any CPU = Debug|Any CPU
		Release|Any CPU = Release|Any CPU
	EndGlobalSection
	GlobalSection(ProjectConfigurationPlatforms) = postSolution
		{DA0ECEF6-E5E9-4203-AB9F-E2C94C7C0A2F}.Debug|Any CPU.ActiveCfg = Debug|Any CPU
		{DA0ECEF6-E5E9-4203-AB9F-E2C94C7C0A2F}.Debug|Any CPU.Build.0 = Debug|Any CPU
		{DA0ECEF6-E5E9-4203-AB9F-E2C94C7C0A2F}.Release|Any CPU.ActiveCfg = Release|Any CPU
		{DA0ECEF6-E5E9-4203-AB9F-E2C94C7C0A2F}.Release|Any CPU.Build.0 = Release|Any CPU
	EndGlobalSection
	GlobalSection(SolutionProperties) = preSolution
		HideSolutionNode = FALSE
	EndGlobalSection
	GlobalSection(ExtensibilityGlobals) = postSolution
		SolutionGuid = {2808625D-A511-4890-A75E-67AAFCDDB092}
	EndGlobalSection
EndGlobal
